
Microsoft Visual Studio Solution File, Format Version 12.00
# Visual Studio Version 17
VisualStudioVersion = 17.0.32112.339
MinimumVisualStudioVersion = 10.0.40219.1
Project("{FAE04EC0-301F-11D3-BF4B-00C04F79EFBC}") = "WowsMq", "WowsMq.csproj", "{F62537DA-6C4B-47FA-B92E-3FC5AAED0062}"
EndProject
Global
	GlobalSection(SolutionConfigurationPlatforms) = preSolution
		Debug|Any CPU = Debug|Any CPU
		Release|Any CPU = Release|Any CPU
	EndGlobalSection
	GlobalSection(ProjectConfigurationPlatforms) = postSolution
		{F62537DA-6C4B-47FA-B92E-3FC5AAED0062}.Debug|Any CPU.ActiveCfg = Debug|Any CPU
		{F62537DA-6C4B-47FA-B92E-3FC5AAED0062}.Debug|Any CPU.Build.0 = Debug|Any CPU
		{F62537DA-6C4B-47FA-B92E-3FC5AAED0062}.Release|Any CPU.ActiveCfg = Release|Any CPU
		{F62537DA-6C4B-47FA-B92E-3FC5AAED0062}.Release|Any CPU.Build.0 = Release|Any CPU
	EndGlobalSection
	GlobalSection(SolutionProperties) = preSolution
		HideSolutionNode = FALSE
	EndGlobalSection
	GlobalSection(ExtensibilityGlobals) = postSolution
		SolutionGuid = {E9DDE06F-5066-412C-9661-5BD13B200893}
	EndGlobalSection
EndGlobal
